
Microsoft Visual Studio Solution File, Format Version 12.00
# Visual Studio Version 17
VisualStudioVersion = 17.2.32519.379
MinimumVisualStudioVersion = 10.0.40219.1
Project("{9A19103F-16F7-4668-BE54-9A1E7A4F7556}") = "RazorPizza", "RazorPizza\RazorPizza.csproj", "{812C2B30-C16C-4004-B92D-0D6A1677D82E}"
EndProject
Global
	GlobalSection(SolutionConfigurationPlatforms) = preSolution
		Debug|Any CPU = Debug|Any CPU
		Release|Any CPU = Release|Any CPU
	EndGlobalSection
	GlobalSection(ProjectConfigurationPlatforms) = postSolution
		{812C2B30-C16C-4004-B92D-0D6A1677D82E}.Debug|Any CPU.ActiveCfg = Debug|Any CPU
		{812C2B30-C16C-4004-B92D-0D6A1677D82E}.Debug|Any CPU.Build.0 = Debug|Any CPU
		{812C2B30-C16C-4004-B92D-0D6A1677D82E}.Release|Any CPU.ActiveCfg = Release|Any CPU
		{812C2B30-C16C-4004-B92D-0D6A1677D82E}.Release|Any CPU.Build.0 = Release|Any CPU
	EndGlobalSection
	GlobalSection(SolutionProperties) = preSolution
		HideSolutionNode = FALSE
	EndGlobalSection
	GlobalSection(ExtensibilityGlobals) = postSolution
		SolutionGuid = {88DE2B3E-E5C4-446A-9183-EDA8C0A74FF7}
	EndGlobalSection
EndGlobal
